
Microsoft Visual Studio Solution File, Format Version 12.00
# Visual Studio 15
Project("{FAE04EC0-301F-11D3-BF4B-00C04F79EFBC}") = "Assembly-CSharp", "Assembly-CSharp.csproj", "{3ED4158D-C23F-019F-2849-5D607C3D8B0D}"
EndProject
Project("{FAE04EC0-301F-11D3-BF4B-00C04F79EFBC}") = "RuntimePreviewGenerator.Runtime", "RuntimePreviewGenerator.Runtime.csproj", "{992AEB27-FE7F-BCB2-4EBD-0B4E61D1FB48}"
EndProject
Project("{FAE04EC0-301F-11D3-BF4B-00C04F79EFBC}") = "GoogleMobileAds.Editor", "GoogleMobileAds.Editor.csproj", "{480BF864-21F3-8A8E-3EB7-E678F3C80EAD}"
EndProject
Global
	GlobalSection(SolutionConfigurationPlatforms) = preSolution
		Debug|Any CPU = Debug|Any CPU
		Release|Any CPU = Release|Any CPU
	EndGlobalSection
	GlobalSection(ProjectConfigurationPlatforms) = postSolution
		{3ED4158D-C23F-019F-2849-5D607C3D8B0D}.Debug|Any CPU.ActiveCfg = Debug|Any CPU
		{3ED4158D-C23F-019F-2849-5D607C3D8B0D}.Debug|Any CPU.Build.0 = Debug|Any CPU
		{3ED4158D-C23F-019F-2849-5D607C3D8B0D}.Release|Any CPU.ActiveCfg = Release|Any CPU
		{3ED4158D-C23F-019F-2849-5D607C3D8B0D}.Release|Any CPU.Build.0 = Release|Any CPU
		{992AEB27-FE7F-BCB2-4EBD-0B4E61D1FB48}.Debug|Any CPU.ActiveCfg = Debug|Any CPU
		{992AEB27-FE7F-BCB2-4EBD-0B4E61D1FB48}.Debug|Any CPU.Build.0 = Debug|Any CPU
		{992AEB27-FE7F-BCB2-4EBD-0B4E61D1FB48}.Release|Any CPU.ActiveCfg = Release|Any CPU
		{992AEB27-FE7F-BCB2-4EBD-0B4E61D1FB48}.Release|Any CPU.Build.0 = Release|Any CPU
		{480BF864-21F3-8A8E-3EB7-E678F3C80EAD}.Debug|Any CPU.ActiveCfg = Debug|Any CPU
		{480BF864-21F3-8A8E-3EB7-E678F3C80EAD}.Debug|Any CPU.Build.0 = Debug|Any CPU
		{480BF864-21F3-8A8E-3EB7-E678F3C80EAD}.Release|Any CPU.ActiveCfg = Release|Any CPU
		{480BF864-21F3-8A8E-3EB7-E678F3C80EAD}.Release|Any CPU.Build.0 = Release|Any CPU
	EndGlobalSection
	GlobalSection(SolutionProperties) = preSolution
		HideSolutionNode = FALSE
	EndGlobalSection
EndGlobal
